
Microsoft Visual Studio Solution File, Format Version 12.00
# Visual Studio Version 16
VisualStudioVersion = 16.0.30804.86
MinimumVisualStudioVersion = 10.0.40219.1
Project("{FAE04EC0-301F-11D3-BF4B-00C04F79EFBC}") = "AIDA64", "AIDA64\AIDA64.csproj", "{471E0F8C-A57D-418F-8E14-1CB1B0041BA3}"
EndProject
Global
	GlobalSection(SolutionConfigurationPlatforms) = preSolution
		Debug|Any CPU = Debug|Any CPU
		Release|Any CPU = Release|Any CPU
	EndGlobalSection
	GlobalSection(ProjectConfigurationPlatforms) = postSolution
		{471E0F8C-A57D-418F-8E14-1CB1B0041BA3}.Debug|Any CPU.ActiveCfg = Debug|Any CPU
		{471E0F8C-A57D-418F-8E14-1CB1B0041BA3}.Debug|Any CPU.Build.0 = Debug|Any CPU
		{471E0F8C-A57D-418F-8E14-1CB1B0041BA3}.Release|Any CPU.ActiveCfg = Release|Any CPU
		{471E0F8C-A57D-418F-8E14-1CB1B0041BA3}.Release|Any CPU.Build.0 = Release|Any CPU
	EndGlobalSection
	GlobalSection(SolutionProperties) = preSolution
		HideSolutionNode = FALSE
	EndGlobalSection
	GlobalSection(ExtensibilityGlobals) = postSolution
		SolutionGuid = {E00A2DFB-EEAF-4ECE-86B8-977CA94339C8}
	EndGlobalSection
EndGlobal
